Microsoft Visual Studio Solution File, Format Version 11.00
# Visual Studio 2008

Project("{D33E1EEE-1B36-2D1A-1814-FBE179F4C48B}") = "AI Project 3", "Assembly-CSharp-firstpass.csproj", "{562BB095-281B-4DC0-F765-676286723438}"
EndProject
Project("{D33E1EEE-1B36-2D1A-1814-FBE179F4C48B}") = "AI Project 3", "Assembly-CSharp.csproj", "{EDDACD0D-DA9D-7679-978C-8666CFAB6979}"
EndProject
Project("{D33E1EEE-1B36-2D1A-1814-FBE179F4C48B}") = "AI Project 3", "Assembly-CSharp-Editor-firstpass.csproj", "{532F7057-C462-1080-1531-2FFC75A4369E}"
EndProject
Global
	GlobalSection(SolutionConfigurationPlatforms) = preSolution
		Debug|Any CPU = Debug|Any CPU
		Release|Any CPU = Release|Any CPU
	EndGlobalSection
	GlobalSection(ProjectConfigurationPlatforms) = postSolution
		{562BB095-281B-4DC0-F765-676286723438}.Debug|Any CPU.ActiveCfg = Debug|Any CPU
		{562BB095-281B-4DC0-F765-676286723438}.Debug|Any CPU.Build.0 = Debug|Any CPU
		{562BB095-281B-4DC0-F765-676286723438}.Release|Any CPU.ActiveCfg = Release|Any CPU
		{562BB095-281B-4DC0-F765-676286723438}.Release|Any CPU.Build.0 = Release|Any CPU
		{EDDACD0D-DA9D-7679-978C-8666CFAB6979}.Debug|Any CPU.ActiveCfg = Debug|Any CPU
		{EDDACD0D-DA9D-7679-978C-8666CFAB6979}.Debug|Any CPU.Build.0 = Debug|Any CPU
		{EDDACD0D-DA9D-7679-978C-8666CFAB6979}.Release|Any CPU.ActiveCfg = Release|Any CPU
		{EDDACD0D-DA9D-7679-978C-8666CFAB6979}.Release|Any CPU.Build.0 = Release|Any CPU
		{532F7057-C462-1080-1531-2FFC75A4369E}.Debug|Any CPU.ActiveCfg = Debug|Any CPU
		{532F7057-C462-1080-1531-2FFC75A4369E}.Debug|Any CPU.Build.0 = Debug|Any CPU
		{532F7057-C462-1080-1531-2FFC75A4369E}.Release|Any CPU.ActiveCfg = Release|Any CPU
		{532F7057-C462-1080-1531-2FFC75A4369E}.Release|Any CPU.Build.0 = Release|Any CPU
	EndGlobalSection
	GlobalSection(SolutionProperties) = preSolution
		HideSolutionNode = FALSE
	EndGlobalSection
	GlobalSection(MonoDevelopProperties) = preSolution
		StartupItem = Assembly-CSharp.csproj
	EndGlobalSection
EndGlobal
